
Microsoft Visual Studio Solution File, Format Version 12.00
# Visual Studio 15
VisualStudioVersion = 15.0.28010.2050
MinimumVisualStudioVersion = 10.0.40219.1
Project("{8BC9CEB8-8B4A-11D0-8D11-00A0C91BC942}") = "SearchAndMLCoursework", "SearchAndMLCoursework\SearchAndMLCoursework.vcxproj", "{040BD794-71DC-432C-B395-31885A61A579}"
EndProject
Global
	GlobalSection(SolutionConfigurationPlatforms) = preSolution
		Debug|x64 = Debug|x64
		Debug|x86 = Debug|x86
		Release|x64 = Release|x64
		Release|x86 = Release|x86
	EndGlobalSection
	GlobalSection(ProjectConfigurationPlatforms) = postSolution
		{040BD794-71DC-432C-B395-31885A61A579}.Debug|x64.ActiveCfg = Debug|x64
		{040BD794-71DC-432C-B395-31885A61A579}.Debug|x64.Build.0 = Debug|x64
		{040BD794-71DC-432C-B395-31885A61A579}.Debug|x86.ActiveCfg = Debug|Win32
		{040BD794-71DC-432C-B395-31885A61A579}.Debug|x86.Build.0 = Debug|Win32
		{040BD794-71DC-432C-B395-31885A61A579}.Release|x64.ActiveCfg = Release|x64
		{040BD794-71DC-432C-B395-31885A61A579}.Release|x64.Build.0 = Release|x64
		{040BD794-71DC-432C-B395-31885A61A579}.Release|x86.ActiveCfg = Release|Win32
		{040BD794-71DC-432C-B395-31885A61A579}.Release|x86.Build.0 = Release|Win32
	EndGlobalSection
	GlobalSection(SolutionProperties) = preSolution
		HideSolutionNode = FALSE
	EndGlobalSection
	GlobalSection(ExtensibilityGlobals) = postSolution
		SolutionGuid = {201D0594-77CC-4186-8A7F-1DBDB306FE1F}
	EndGlobalSection
EndGlobal
